
Microsoft Visual Studio Solution File, Format Version 12.00
# Visual Studio Version 17
VisualStudioVersion = 17.1.32228.430
MinimumVisualStudioVersion = 10.0.40219.1
Project("{FAE04EC0-301F-11D3-BF4B-00C04F79EFBC}") = "DesignPatternsExamples", "DesignPatternsExamples\DesignPatternsExamples.csproj", "{E1BDDDA6-A583-451D-AEC2-EF27FEC1B8E2}"
EndProject
Project("{2150E333-8FDC-42A3-9474-1A3956D46DE8}") = "DesignPatterns", "DesignPatterns", "{BC639F21-A4EE-410B-9B2A-BE0DAE7C25B2}"
EndProject
Project("{FAE04EC0-301F-11D3-BF4B-00C04F79EFBC}") = "DesignPatterns", "DesignPatterns\DesignPatterns.csproj", "{A2AD3DBC-88D5-4AB0-B99E-CC7AA4944E97}"
EndProject
Global
	GlobalSection(SolutionConfigurationPlatforms) = preSolution
		Debug|Any CPU = Debug|Any CPU
		Release|Any CPU = Release|Any CPU
	EndGlobalSection
	GlobalSection(ProjectConfigurationPlatforms) = postSolution
		{E1BDDDA6-A583-451D-AEC2-EF27FEC1B8E2}.Debug|Any CPU.ActiveCfg = Debug|Any CPU
		{E1BDDDA6-A583-451D-AEC2-EF27FEC1B8E2}.Debug|Any CPU.Build.0 = Debug|Any CPU
		{E1BDDDA6-A583-451D-AEC2-EF27FEC1B8E2}.Release|Any CPU.ActiveCfg = Release|Any CPU
		{E1BDDDA6-A583-451D-AEC2-EF27FEC1B8E2}.Release|Any CPU.Build.0 = Release|Any CPU
		{A2AD3DBC-88D5-4AB0-B99E-CC7AA4944E97}.Debug|Any CPU.ActiveCfg = Debug|Any CPU
		{A2AD3DBC-88D5-4AB0-B99E-CC7AA4944E97}.Debug|Any CPU.Build.0 = Debug|Any CPU
		{A2AD3DBC-88D5-4AB0-B99E-CC7AA4944E97}.Release|Any CPU.ActiveCfg = Release|Any CPU
		{A2AD3DBC-88D5-4AB0-B99E-CC7AA4944E97}.Release|Any CPU.Build.0 = Release|Any CPU
	EndGlobalSection
	GlobalSection(SolutionProperties) = preSolution
		HideSolutionNode = FALSE
	EndGlobalSection
	GlobalSection(NestedProjects) = preSolution
		{A2AD3DBC-88D5-4AB0-B99E-CC7AA4944E97} = {BC639F21-A4EE-410B-9B2A-BE0DAE7C25B2}
	EndGlobalSection
	GlobalSection(ExtensibilityGlobals) = postSolution
		SolutionGuid = {15C0E177-BF00-4263-A32D-AE0791D9474F}
	EndGlobalSection
EndGlobal
